[[requirements]]
name = "aiken-lang/stdlib"
version = "v3.0.0"
source = "github"

[[requirements]]
name = "pyth-network/pyth-lazer-cardano"
version = "217b5917228b17f015719b27dd616a75ad6bd800"
source = "github"

[[packages]]
name = "aiken-lang/stdlib"
version = "v3.0.0"
requirements = []
source = "github"

[[packages]]
name = "pyth-network/pyth-lazer-cardano"
version = "217b5917228b17f015719b27dd616a75ad6bd800"
requirements = []
source = "github"
